<?xml version="1.0" encoding="utf-8"?>
<Project ToolsVersion="4.0" xmlns="http://schemas.microsoft.com/developer/msbuild/2003">
  <ItemGroup>
    <Filter Include="Engine">
      <UniqueIdentifier>{940298d6-8220-480c-8780-8c9d2c1c4157}</UniqueIdentifier>
    </Filter>
    <Filter Include="Default">
      <UniqueIdentifier>{36d186e9-eb4e-4f0c-8a09-7592216a9fee}</UniqueIdentifier>
    </Filter>
    <Filter Include="Default\리소스 파일">
      <UniqueIdentifier>{67DA6AB6-F800-4c08-8B7A-83BB121AAD01}</UniqueIdentifier>
      <Extensions>rc;ico;cur;bmp;dlg;rc2;rct;bin;rgs;gif;jpg;jpeg;jpe;resx;tiff;tif;png;wav;mfcribbon-ms</Extensions>
    </Filter>
    <Filter Include="Engine\02. Core">
      <UniqueIdentifier>{c7584674-7dee-458e-ac8a-0e8e37fd4561}</UniqueIdentifier>
    </Filter>
    <Filter Include="Engine\01. Header">
      <UniqueIdentifier>{2b12618f-e357-40c0-ac5c-adfe3fcc8755}</UniqueIdentifier>
    </Filter>
    <Filter Include="Direct">
      <UniqueIdentifier>{8cf79da7-9460-4219-84f1-015aa32f8761}</UniqueIdentifier>
    </Filter>
    <Filter Include="Direct\01. Header">
      <UniqueIdentifier>{7b1494e4-78a5-4cc6-b385-13e17a5ab2de}</UniqueIdentifier>
    </Filter>
    <Filter Include="Direct\02. VertexShader">
      <UniqueIdentifier>{396d2772-07c8-4f79-9471-4f559ce02b88}</UniqueIdentifier>
    </Filter>
  </ItemGroup>
  <ItemGroup>
    <ClInclude Include="framework.h">
      <Filter>Default</Filter>
    </ClInclude>
    <ClInclude Include="Resource.h">
      <Filter>Default</Filter>
    </ClInclude>
    <ClInclude Include="SolarProject.h">
      <Filter>Default</Filter>
    </ClInclude>
    <ClInclude Include="targetver.h">
      <Filter>Default</Filter>
    </ClInclude>
    <ClInclude Include="GameCore.h">
      <Filter>Engine\02. Core</Filter>
    </ClInclude>
    <ClInclude Include="define.h">
      <Filter>Engine\01. Header</Filter>
    </ClInclude>
    <ClInclude Include="struct.h">
      <Filter>Engine\01. Header</Filter>
    </ClInclude>
    <ClInclude Include="pch.h" />
    <ClInclude Include="AlignedAllocationPolicy.h">
      <Filter>Direct</Filter>
    </ClInclude>
    <ClInclude Include="D3DClass.h">
      <Filter>Direct\01. Header</Filter>
    </ClInclude>
  </ItemGroup>
  <ItemGroup>
    <ResourceCompile Include="SolarProject.rc">
      <Filter>Default\리소스 파일</Filter>
    </ResourceCompile>
  </ItemGroup>
  <ItemGroup>
    <Image Include="small.ico">
      <Filter>Default\리소스 파일</Filter>
    </Image>
    <Image Include="SolarProject.ico">
      <Filter>Default\리소스 파일</Filter>
    </Image>
  </ItemGroup>
  <ItemGroup>
    <ClCompile Include="SolarProject.cpp">
      <Filter>Default</Filter>
    </ClCompile>
    <ClCompile Include="GameCore.cpp">
      <Filter>Engine\02. Core</Filter>
    </ClCompile>
    <ClCompile Include="D3DClass.cpp">
      <Filter>Direct\01. Header</Filter>
    </ClCompile>
  </ItemGroup>
</Project>